
Microsoft Visual Studio Solution File, Format Version 12.00
# Visual Studio Version 17
VisualStudioVersion = 17.0.32126.317
MinimumVisualStudioVersion = 10.0.40219.1
Project("{9A19103F-16F7-4668-BE54-9A1E7A4F7556}") = "BriefFiniteElementNet", "BriefFiniteElementNet\BriefFiniteElementNet.csproj", "{7CDA20D4-9BC8-4BC3-9F22-CB86CD4DC3E1}"
EndProject
Project("{FAE04EC0-301F-11D3-BF4B-00C04F79EFBC}") = "BriefFiniteElementNet.BenchmarkApplication", "BriefFiniteElementNet.BenchmarkApplication\BriefFiniteElementNet.BenchmarkApplication.csproj", "{2387F8E3-9743-42F0-8BEF-F3863838F114}"
EndProject
Project("{FAE04EC0-301F-11D3-BF4B-00C04F79EFBC}") = "BriefFiniteElementNet.CodeProjectExamples", "BriefFiniteElementNet.CodeProjectExamples\BriefFiniteElementNet.CodeProjectExamples.csproj", "{24EBA191-F9E3-47CF-B0FE-865B6243A354}"
EndProject
Project("{9A19103F-16F7-4668-BE54-9A1E7A4F7556}") = "BriefFiniteElementNet.Controls", "BriefFiniteElementNet.Controls\BriefFiniteElementNet.Controls.csproj", "{8DABDE62-8A8E-4153-B753-3A62015A9C16}"
EndProject
Project("{FAE04EC0-301F-11D3-BF4B-00C04F79EFBC}") = "BriefFiniteElementNet.Validation", "BriefFiniteElementNet.Validation\BriefFiniteElementNet.Validation.csproj", "{7A20CE01-552E-457A-A9C3-18BED244D897}"
EndProject
Project("{FAE04EC0-301F-11D3-BF4B-00C04F79EFBC}") = "BriefFiniteElementNet.TestConsole", "BriefFiniteElementNet.TestConsole\BriefFiniteElementNet.TestConsole.csproj", "{1DD7D04E-0DFB-49BD-AAA2-30128005ACE7}"
EndProject
Project("{9A19103F-16F7-4668-BE54-9A1E7A4F7556}") = "BriefFiniteElementNet.Common", "BriefFiniteElementNet.Common\BriefFiniteElementNet.Common.csproj", "{82C63C6B-651A-4308-8B89-B4C643F3A7C2}"
EndProject
Project("{FAE04EC0-301F-11D3-BF4B-00C04F79EFBC}") = "BriefFiniteElementNet.Validation.Ui", "BriefFiniteElementNet.Validation.Ui\BriefFiniteElementNet.Validation.Ui.csproj", "{FC6E4877-B949-4522-BD35-116172A20925}"
EndProject
Project("{9A19103F-16F7-4668-BE54-9A1E7A4F7556}") = "BriefFiniteElementNet.Tests", "BriefFiniteElementNet.Tests\BriefFiniteElementNet.Tests.csproj", "{BCD6C94B-19CC-4E03-80C9-8643727AB5C6}"
EndProject
Project("{FAE04EC0-301F-11D3-BF4B-00C04F79EFBC}") = "BriefFiniteElementNet.Solvers", "BriefFiniteElementNet.Solvers\BriefFiniteElementNet.Solvers.csproj", "{F01B1FBD-A02F-4B0F-AEFF-5E48F9BEF815}"
EndProject
Project("{9A19103F-16F7-4668-BE54-9A1E7A4F7556}") = "BriefFiniteElementNet.CustomElements", "BriefFiniteElementNet.CustomElements\BriefFiniteElementNet.CustomElements.csproj", "{AAE8C9D8-3978-4BBD-A256-B67A1E4D5648}"
EndProject
Project("{9A19103F-16F7-4668-BE54-9A1E7A4F7556}") = "BriefFiniteElementNet.CustomElements.Test", "BriefFiniteElementNet.CustomElements.Test\BriefFiniteElementNet.CustomElements.Test.csproj", "{F4921DD6-AC8F-41F2-A7EF-C60BEFBBF271}"
EndProject
Project("{9A19103F-16F7-4668-BE54-9A1E7A4F7556}") = "BriefFiniteElementNet.Legacy", "BriefFiniteElementNet.Legacy\BriefFiniteElementNet.Legacy.csproj", "{DDA94659-19D1-4540-A463-71468DBD633F}"
EndProject
Global
	GlobalSection(SolutionConfigurationPlatforms) = preSolution
		Debug|Any CPU = Debug|Any CPU
		Release|Any CPU = Release|Any CPU
	EndGlobalSection
	GlobalSection(ProjectConfigurationPlatforms) = postSolution
		{7CDA20D4-9BC8-4BC3-9F22-CB86CD4DC3E1}.Debug|Any CPU.ActiveCfg = Debug|Any CPU
		{7CDA20D4-9BC8-4BC3-9F22-CB86CD4DC3E1}.Debug|Any CPU.Build.0 = Debug|Any CPU
		{7CDA20D4-9BC8-4BC3-9F22-CB86CD4DC3E1}.Release|Any CPU.ActiveCfg = Release|Any CPU
		{7CDA20D4-9BC8-4BC3-9F22-CB86CD4DC3E1}.Release|Any CPU.Build.0 = Release|Any CPU
		{2387F8E3-9743-42F0-8BEF-F3863838F114}.Debug|Any CPU.ActiveCfg = Debug|Any CPU
		{2387F8E3-9743-42F0-8BEF-F3863838F114}.Debug|Any CPU.Build.0 = Debug|Any CPU
		{2387F8E3-9743-42F0-8BEF-F3863838F114}.Release|Any CPU.ActiveCfg = Release|Any CPU
		{2387F8E3-9743-42F0-8BEF-F3863838F114}.Release|Any CPU.Build.0 = Release|Any CPU
		{24EBA191-F9E3-47CF-B0FE-865B6243A354}.Debug|Any CPU.ActiveCfg = Debug|Any CPU
		{24EBA191-F9E3-47CF-B0FE-865B6243A354}.Debug|Any CPU.Build.0 = Debug|Any CPU
		{24EBA191-F9E3-47CF-B0FE-865B6243A354}.Release|Any CPU.ActiveCfg = Release|Any CPU
		{24EBA191-F9E3-47CF-B0FE-865B6243A354}.Release|Any CPU.Build.0 = Release|Any CPU
		{8DABDE62-8A8E-4153-B753-3A62015A9C16}.Debug|Any CPU.ActiveCfg = Debug|Any CPU
		{8DABDE62-8A8E-4153-B753-3A62015A9C16}.Debug|Any CPU.Build.0 = Debug|Any CPU
		{8DABDE62-8A8E-4153-B753-3A62015A9C16}.Release|Any CPU.ActiveCfg = Release|Any CPU
		{8DABDE62-8A8E-4153-B753-3A62015A9C16}.Release|Any CPU.Build.0 = Release|Any CPU
		{7A20CE01-552E-457A-A9C3-18BED244D897}.Debug|Any CPU.ActiveCfg = Debug|Any CPU
		{7A20CE01-552E-457A-A9C3-18BED244D897}.Debug|Any CPU.Build.0 = Debug|Any CPU
		{7A20CE01-552E-457A-A9C3-18BED244D897}.Release|Any CPU.ActiveCfg = Release|Any CPU
		{7A20CE01-552E-457A-A9C3-18BED244D897}.Release|Any CPU.Build.0 = Release|Any CPU
		{1DD7D04E-0DFB-49BD-AAA2-30128005ACE7}.Debug|Any CPU.ActiveCfg = Debug|Any CPU
		{1DD7D04E-0DFB-49BD-AAA2-30128005ACE7}.Debug|Any CPU.Build.0 = Debug|Any CPU
		{1DD7D04E-0DFB-49BD-AAA2-30128005ACE7}.Release|Any CPU.ActiveCfg = Release|Any CPU
		{1DD7D04E-0DFB-49BD-AAA2-30128005ACE7}.Release|Any CPU.Build.0 = Release|Any CPU
		{82C63C6B-651A-4308-8B89-B4C643F3A7C2}.Debug|Any CPU.ActiveCfg = Debug|Any CPU
		{82C63C6B-651A-4308-8B89-B4C643F3A7C2}.Debug|Any CPU.Build.0 = Debug|Any CPU
		{82C63C6B-651A-4308-8B89-B4C643F3A7C2}.Release|Any CPU.ActiveCfg = Release|Any CPU
		{82C63C6B-651A-4308-8B89-B4C643F3A7C2}.Release|Any CPU.Build.0 = Release|Any CPU
		{FC6E4877-B949-4522-BD35-116172A20925}.Debug|Any CPU.ActiveCfg = Debug|Any CPU
		{FC6E4877-B949-4522-BD35-116172A20925}.Debug|Any CPU.Build.0 = Debug|Any CPU
		{FC6E4877-B949-4522-BD35-116172A20925}.Release|Any CPU.ActiveCfg = Release|Any CPU
		{FC6E4877-B949-4522-BD35-116172A20925}.Release|Any CPU.Build.0 = Release|Any CPU
		{BCD6C94B-19CC-4E03-80C9-8643727AB5C6}.Debug|Any CPU.ActiveCfg = Debug|Any CPU
		{BCD6C94B-19CC-4E03-80C9-8643727AB5C6}.Debug|Any CPU.Build.0 = Debug|Any CPU
		{BCD6C94B-19CC-4E03-80C9-8643727AB5C6}.Release|Any CPU.ActiveCfg = Release|Any CPU
		{BCD6C94B-19CC-4E03-80C9-8643727AB5C6}.Release|Any CPU.Build.0 = Release|Any CPU
		{F01B1FBD-A02F-4B0F-AEFF-5E48F9BEF815}.Debug|Any CPU.ActiveCfg = Debug|Any CPU
		{F01B1FBD-A02F-4B0F-AEFF-5E48F9BEF815}.Debug|Any CPU.Build.0 = Debug|Any CPU
		{F01B1FBD-A02F-4B0F-AEFF-5E48F9BEF815}.Release|Any CPU.ActiveCfg = Release|Any CPU
		{F01B1FBD-A02F-4B0F-AEFF-5E48F9BEF815}.Release|Any CPU.Build.0 = Release|Any CPU
		{AAE8C9D8-3978-4BBD-A256-B67A1E4D5648}.Debug|Any CPU.ActiveCfg = Debug|Any CPU
		{AAE8C9D8-3978-4BBD-A256-B67A1E4D5648}.Debug|Any CPU.Build.0 = Debug|Any CPU
		{AAE8C9D8-3978-4BBD-A256-B67A1E4D5648}.Release|Any CPU.ActiveCfg = Release|Any CPU
		{AAE8C9D8-3978-4BBD-A256-B67A1E4D5648}.Release|Any CPU.Build.0 = Release|Any CPU
		{F4921DD6-AC8F-41F2-A7EF-C60BEFBBF271}.Debug|Any CPU.ActiveCfg = Debug|Any CPU
		{F4921DD6-AC8F-41F2-A7EF-C60BEFBBF271}.Debug|Any CPU.Build.0 = Debug|Any CPU
		{F4921DD6-AC8F-41F2-A7EF-C60BEFBBF271}.Release|Any CPU.ActiveCfg = Release|Any CPU
		{F4921DD6-AC8F-41F2-A7EF-C60BEFBBF271}.Release|Any CPU.Build.0 = Release|Any CPU
		{DDA94659-19D1-4540-A463-71468DBD633F}.Debug|Any CPU.ActiveCfg = Debug|Any CPU
		{DDA94659-19D1-4540-A463-71468DBD633F}.Debug|Any CPU.Build.0 = Debug|Any CPU
		{DDA94659-19D1-4540-A463-71468DBD633F}.Release|Any CPU.ActiveCfg = Release|Any CPU
		{DDA94659-19D1-4540-A463-71468DBD633F}.Release|Any CPU.Build.0 = Release|Any CPU
	EndGlobalSection
	GlobalSection(SolutionProperties) = preSolution
		HideSolutionNode = FALSE
	EndGlobalSection
	GlobalSection(ExtensibilityGlobals) = postSolution
		SolutionGuid = {A2423FE1-F612-4C6D-B808-65E81B874574}
	EndGlobalSection
EndGlobal
