
Microsoft Visual Studio Solution File, Format Version 12.00
# Visual Studio 2013
VisualStudioVersion = 12.0.30501.0
MinimumVisualStudioVersion = 10.0.40219.1
Project("{FAE04EC0-301F-11D3-BF4B-00C04F79EFBC}") = "BriefFiniteElementNet", "BriefFiniteElementNet\BriefFiniteElementNet.csproj", "{7CDA20D4-9BC8-4BC3-9F22-CB86CD4DC3E1}"
EndProject
Project("{FAE04EC0-301F-11D3-BF4B-00C04F79EFBC}") = "BriefFiniteElementNet.BenchmarkApplication", "BriefFiniteElementNet.BenchmarkApplication\BriefFiniteElementNet.BenchmarkApplication.csproj", "{2387F8E3-9743-42F0-8BEF-F3863838F114}"
EndProject
Project("{FAE04EC0-301F-11D3-BF4B-00C04F79EFBC}") = "BriefFiniteElementNet.CodeProjectExamples", "BriefFiniteElementNet.CodeProjectExamples\BriefFiniteElementNet.CodeProjectExamples.csproj", "{24EBA191-F9E3-47CF-B0FE-865B6243A354}"
EndProject
Project("{FAE04EC0-301F-11D3-BF4B-00C04F79EFBC}") = "BriefFiniteElementNet.Controls", "BriefFiniteElement.Controls\BriefFiniteElementNet.Controls.csproj", "{8DABDE62-8A8E-4153-B753-3A62015A9C16}"
EndProject
Project("{2150E333-8FDC-42A3-9474-1A3956D46DE8}") = "Solution Items", "Solution Items", "{190549A7-DACC-404F-9085-12815DF759EF}"
	ProjectSection(SolutionItems) = preProject
		ExampleXmlInput.xml = ExampleXmlInput.xml
		XmlInputFormat.txt = XmlInputFormat.txt
	EndProjectSection
EndProject
Project("{FAE04EC0-301F-11D3-BF4B-00C04F79EFBC}") = "BriefFiniteElementNet.DebuggerVisualizersVS2013", "BriefFiniteElementNet.DebuggerVisualizersVS2013\BriefFiniteElementNet.DebuggerVisualizersVS2013.csproj", "{E12A7AD9-780B-4ADC-8C08-C7D5FD63C18B}"
EndProject
Project("{FAE04EC0-301F-11D3-BF4B-00C04F79EFBC}") = "BriefFiniteElementNet.Validation", "BriefFiniteElementNet.Validation\BriefFiniteElementNet.Validation.csproj", "{7A20CE01-552E-457A-A9C3-18BED244D897}"
EndProject
Project("{FAE04EC0-301F-11D3-BF4B-00C04F79EFBC}") = "BriefFiniteElementNet.SimpleUI", "BriefFiniteElementNet.SimpleUI\BriefFiniteElementNet.SimpleUI.csproj", "{BA826ABE-E2C4-4658-8D0D-11F6E6B995E9}"
EndProject
Project("{FAE04EC0-301F-11D3-BF4B-00C04F79EFBC}") = "BriefFiniteElementNet.StructuralExtension", "BriefFiniteElementNet.StructuralExtension\BriefFiniteElementNet.StructuralExtension.csproj", "{7659C1CB-FAA4-47F6-B421-142B32C753B0}"
EndProject
Project("{FAE04EC0-301F-11D3-BF4B-00C04F79EFBC}") = "BriefFiniteElementNet.TestConsole", "BriefFiniteElementNet.TestConsole\BriefFiniteElementNet.TestConsole.csproj", "{1DD7D04E-0DFB-49BD-AAA2-30128005ACE7}"
EndProject
Global
	GlobalSection(SolutionConfigurationPlatforms) = preSolution
		Debug|Any CPU = Debug|Any CPU
		Release|Any CPU = Release|Any CPU
	EndGlobalSection
	GlobalSection(ProjectConfigurationPlatforms) = postSolution
		{7CDA20D4-9BC8-4BC3-9F22-CB86CD4DC3E1}.Debug|Any CPU.ActiveCfg = Debug|Any CPU
		{7CDA20D4-9BC8-4BC3-9F22-CB86CD4DC3E1}.Debug|Any CPU.Build.0 = Debug|Any CPU
		{7CDA20D4-9BC8-4BC3-9F22-CB86CD4DC3E1}.Release|Any CPU.ActiveCfg = Release|Any CPU
		{7CDA20D4-9BC8-4BC3-9F22-CB86CD4DC3E1}.Release|Any CPU.Build.0 = Release|Any CPU
		{2387F8E3-9743-42F0-8BEF-F3863838F114}.Debug|Any CPU.ActiveCfg = Debug|Any CPU
		{2387F8E3-9743-42F0-8BEF-F3863838F114}.Debug|Any CPU.Build.0 = Debug|Any CPU
		{2387F8E3-9743-42F0-8BEF-F3863838F114}.Release|Any CPU.ActiveCfg = Release|Any CPU
		{2387F8E3-9743-42F0-8BEF-F3863838F114}.Release|Any CPU.Build.0 = Release|Any CPU
		{24EBA191-F9E3-47CF-B0FE-865B6243A354}.Debug|Any CPU.ActiveCfg = Debug|Any CPU
		{24EBA191-F9E3-47CF-B0FE-865B6243A354}.Debug|Any CPU.Build.0 = Debug|Any CPU
		{24EBA191-F9E3-47CF-B0FE-865B6243A354}.Release|Any CPU.ActiveCfg = Release|Any CPU
		{24EBA191-F9E3-47CF-B0FE-865B6243A354}.Release|Any CPU.Build.0 = Release|Any CPU
		{8DABDE62-8A8E-4153-B753-3A62015A9C16}.Debug|Any CPU.ActiveCfg = Debug|Any CPU
		{8DABDE62-8A8E-4153-B753-3A62015A9C16}.Debug|Any CPU.Build.0 = Debug|Any CPU
		{8DABDE62-8A8E-4153-B753-3A62015A9C16}.Release|Any CPU.ActiveCfg = Release|Any CPU
		{8DABDE62-8A8E-4153-B753-3A62015A9C16}.Release|Any CPU.Build.0 = Release|Any CPU
		{E12A7AD9-780B-4ADC-8C08-C7D5FD63C18B}.Debug|Any CPU.ActiveCfg = Debug|Any CPU
		{E12A7AD9-780B-4ADC-8C08-C7D5FD63C18B}.Debug|Any CPU.Build.0 = Debug|Any CPU
		{E12A7AD9-780B-4ADC-8C08-C7D5FD63C18B}.Release|Any CPU.ActiveCfg = Release|Any CPU
		{E12A7AD9-780B-4ADC-8C08-C7D5FD63C18B}.Release|Any CPU.Build.0 = Release|Any CPU
		{7A20CE01-552E-457A-A9C3-18BED244D897}.Debug|Any CPU.ActiveCfg = Debug|Any CPU
		{7A20CE01-552E-457A-A9C3-18BED244D897}.Debug|Any CPU.Build.0 = Debug|Any CPU
		{7A20CE01-552E-457A-A9C3-18BED244D897}.Release|Any CPU.ActiveCfg = Release|Any CPU
		{7A20CE01-552E-457A-A9C3-18BED244D897}.Release|Any CPU.Build.0 = Release|Any CPU
		{BA826ABE-E2C4-4658-8D0D-11F6E6B995E9}.Debug|Any CPU.ActiveCfg = Debug|Any CPU
		{BA826ABE-E2C4-4658-8D0D-11F6E6B995E9}.Debug|Any CPU.Build.0 = Debug|Any CPU
		{BA826ABE-E2C4-4658-8D0D-11F6E6B995E9}.Release|Any CPU.ActiveCfg = Release|Any CPU
		{BA826ABE-E2C4-4658-8D0D-11F6E6B995E9}.Release|Any CPU.Build.0 = Release|Any CPU
		{7659C1CB-FAA4-47F6-B421-142B32C753B0}.Debug|Any CPU.ActiveCfg = Debug|Any CPU
		{7659C1CB-FAA4-47F6-B421-142B32C753B0}.Debug|Any CPU.Build.0 = Debug|Any CPU
		{7659C1CB-FAA4-47F6-B421-142B32C753B0}.Release|Any CPU.ActiveCfg = Release|Any CPU
		{7659C1CB-FAA4-47F6-B421-142B32C753B0}.Release|Any CPU.Build.0 = Release|Any CPU
		{1DD7D04E-0DFB-49BD-AAA2-30128005ACE7}.Debug|Any CPU.ActiveCfg = Debug|Any CPU
		{1DD7D04E-0DFB-49BD-AAA2-30128005ACE7}.Debug|Any CPU.Build.0 = Debug|Any CPU
		{1DD7D04E-0DFB-49BD-AAA2-30128005ACE7}.Release|Any CPU.ActiveCfg = Release|Any CPU
		{1DD7D04E-0DFB-49BD-AAA2-30128005ACE7}.Release|Any CPU.Build.0 = Release|Any CPU
	EndGlobalSection
	GlobalSection(SolutionProperties) = preSolution
		HideSolutionNode = FALSE
	EndGlobalSection
EndGlobal
