
Microsoft Visual Studio Solution File, Format Version 12.00
# Visual Studio 2012
Project("{FAE04EC0-301F-11D3-BF4B-00C04F79EFBC}") = "BriefFiniteElementNet", "BriefFiniteElementNet\BriefFiniteElementNet.csproj", "{7CDA20D4-9BC8-4BC3-9F22-CB86CD4DC3E1}"
EndProject
Project("{FAE04EC0-301F-11D3-BF4B-00C04F79EFBC}") = "BriefFiniteElementNet.BenchmarkApplication", "BriefFiniteElementNet.BenchmarkApplication\BriefFiniteElementNet.BenchmarkApplication.csproj", "{2387F8E3-9743-42F0-8BEF-F3863838F114}"
EndProject
Project("{FAE04EC0-301F-11D3-BF4B-00C04F79EFBC}") = "BriefFiniteElementNet.CodeProjectExamples", "BriefFiniteElementNet.CodeProjectExamples\BriefFiniteElementNet.CodeProjectExamples.csproj", "{24EBA191-F9E3-47CF-B0FE-865B6243A354}"
EndProject
Project("{FAE04EC0-301F-11D3-BF4B-00C04F79EFBC}") = "BriefFiniteElementNet.Controls", "BriefFiniteElement.Controls\BriefFiniteElementNet.Controls.csproj", "{8DABDE62-8A8E-4153-B753-3A62015A9C16}"
EndProject
Project("{FAE04EC0-301F-11D3-BF4B-00C04F79EFBC}") = "BriefFiniteElementNet.DebuggerVisualizersVS2012", "BriefFiniteElementNet.DebuggerVisualizersVS2012\BriefFiniteElementNet.DebuggerVisualizersVS2012.csproj", "{39005DFE-A367-43C3-8781-D71125D8D190}"
EndProject
Global
	GlobalSection(SolutionConfigurationPlatforms) = preSolution
		Debug|Any CPU = Debug|Any CPU
		Release|Any CPU = Release|Any CPU
	EndGlobalSection
	GlobalSection(ProjectConfigurationPlatforms) = postSolution
		{7CDA20D4-9BC8-4BC3-9F22-CB86CD4DC3E1}.Debug|Any CPU.ActiveCfg = Debug|Any CPU
		{7CDA20D4-9BC8-4BC3-9F22-CB86CD4DC3E1}.Debug|Any CPU.Build.0 = Debug|Any CPU
		{7CDA20D4-9BC8-4BC3-9F22-CB86CD4DC3E1}.Release|Any CPU.ActiveCfg = Release|Any CPU
		{7CDA20D4-9BC8-4BC3-9F22-CB86CD4DC3E1}.Release|Any CPU.Build.0 = Release|Any CPU
		{2387F8E3-9743-42F0-8BEF-F3863838F114}.Debug|Any CPU.ActiveCfg = Debug|Any CPU
		{2387F8E3-9743-42F0-8BEF-F3863838F114}.Debug|Any CPU.Build.0 = Debug|Any CPU
		{2387F8E3-9743-42F0-8BEF-F3863838F114}.Release|Any CPU.ActiveCfg = Release|Any CPU
		{2387F8E3-9743-42F0-8BEF-F3863838F114}.Release|Any CPU.Build.0 = Release|Any CPU
		{24EBA191-F9E3-47CF-B0FE-865B6243A354}.Debug|Any CPU.ActiveCfg = Debug|Any CPU
		{24EBA191-F9E3-47CF-B0FE-865B6243A354}.Debug|Any CPU.Build.0 = Debug|Any CPU
		{24EBA191-F9E3-47CF-B0FE-865B6243A354}.Release|Any CPU.ActiveCfg = Release|Any CPU
		{24EBA191-F9E3-47CF-B0FE-865B6243A354}.Release|Any CPU.Build.0 = Release|Any CPU
		{8DABDE62-8A8E-4153-B753-3A62015A9C16}.Debug|Any CPU.ActiveCfg = Debug|Any CPU
		{8DABDE62-8A8E-4153-B753-3A62015A9C16}.Debug|Any CPU.Build.0 = Debug|Any CPU
		{8DABDE62-8A8E-4153-B753-3A62015A9C16}.Release|Any CPU.ActiveCfg = Release|Any CPU
		{8DABDE62-8A8E-4153-B753-3A62015A9C16}.Release|Any CPU.Build.0 = Release|Any CPU
		{39005DFE-A367-43C3-8781-D71125D8D190}.Debug|Any CPU.ActiveCfg = Debug|Any CPU
		{39005DFE-A367-43C3-8781-D71125D8D190}.Debug|Any CPU.Build.0 = Debug|Any CPU
		{39005DFE-A367-43C3-8781-D71125D8D190}.Release|Any CPU.ActiveCfg = Release|Any CPU
		{39005DFE-A367-43C3-8781-D71125D8D190}.Release|Any CPU.Build.0 = Release|Any CPU
	EndGlobalSection
	GlobalSection(SolutionProperties) = preSolution
		HideSolutionNode = FALSE
	EndGlobalSection
EndGlobal
