
Microsoft Visual Studio Solution File, Format Version 12.00
# Visual Studio Version 17
VisualStudioVersion = 17.0.32126.317
MinimumVisualStudioVersion = 10.0.40219.1
Project("{FAE04EC0-301F-11D3-BF4B-00C04F79EFBC}") = "BriefFiniteElementNet.Validation", "Validation\BriefFiniteElementNet.Validation.csproj", "{7A20CE01-552E-457A-A9C3-18BED244D897}"
EndProject
Project("{FAE04EC0-301F-11D3-BF4B-00C04F79EFBC}") = "BriefFiniteElementNet.Validation.Ui", "Validation.Ui\BriefFiniteElementNet.Validation.Ui.csproj", "{FC6E4877-B949-4522-BD35-116172A20925}"
EndProject
Global
	GlobalSection(SolutionConfigurationPlatforms) = preSolution
		Debug|Any CPU = Debug|Any CPU
		Release|Any CPU = Release|Any CPU
	EndGlobalSection
	GlobalSection(ProjectConfigurationPlatforms) = postSolution
		{7A20CE01-552E-457A-A9C3-18BED244D897}.Debug|Any CPU.ActiveCfg = Debug|Any CPU
		{7A20CE01-552E-457A-A9C3-18BED244D897}.Debug|Any CPU.Build.0 = Debug|Any CPU
		{7A20CE01-552E-457A-A9C3-18BED244D897}.Release|Any CPU.ActiveCfg = Release|Any CPU
		{7A20CE01-552E-457A-A9C3-18BED244D897}.Release|Any CPU.Build.0 = Release|Any CPU
		{FC6E4877-B949-4522-BD35-116172A20925}.Debug|Any CPU.ActiveCfg = Debug|Any CPU
		{FC6E4877-B949-4522-BD35-116172A20925}.Debug|Any CPU.Build.0 = Debug|Any CPU
		{FC6E4877-B949-4522-BD35-116172A20925}.Release|Any CPU.ActiveCfg = Release|Any CPU
		{FC6E4877-B949-4522-BD35-116172A20925}.Release|Any CPU.Build.0 = Release|Any CPU
	EndGlobalSection
	GlobalSection(SolutionProperties) = preSolution
		HideSolutionNode = FALSE
	EndGlobalSection
	GlobalSection(ExtensibilityGlobals) = postSolution
		SolutionGuid = {A2423FE1-F612-4C6D-B808-65E81B874574}
	EndGlobalSection
EndGlobal
